
Microsoft Visual Studio Solution File, Format Version 12.00
# Visual Studio Version 17
VisualStudioVersion = 17.8.34511.84
MinimumVisualStudioVersion = 10.0.40219.1
Project("{9A19103F-16F7-4668-BE54-9A1E7A4F7556}") = "PranicAhmedbad", "PranicAhmedbad.csproj", "{5DF0D6BC-C8E4-43C4-9404-2ADB9ABA3049}"
EndProject
Project("{FAE04EC0-301F-11D3-BF4B-00C04F79EFBC}") = "PranicAhmedbad.Lib", "..\PranicAhmedbad.Lib\PranicAhmedbad.Lib.csproj", "{82EB5C2C-2817-4D0A-B2EA-8BB14E31EFFD}"
EndProject
Project("{FAE04EC0-301F-11D3-BF4B-00C04F79EFBC}") = "PranicAhmedbad.Test", "..\PranicAhmedbad.Test\PranicAhmedbad.Test.csproj", "{4BFEDE3F-40B5-46AB-9DAB-46791166D6F1}"
EndProject
Global
	GlobalSection(SolutionConfigurationPlatforms) = preSolution
		Debug|Any CPU = Debug|Any CPU
		Release|Any CPU = Release|Any CPU
	EndGlobalSection
	GlobalSection(ProjectConfigurationPlatforms) = postSolution
		{5DF0D6BC-C8E4-43C4-9404-2ADB9ABA3049}.Debug|Any CPU.ActiveCfg = Debug|Any CPU
		{5DF0D6BC-C8E4-43C4-9404-2ADB9ABA3049}.Debug|Any CPU.Build.0 = Debug|Any CPU
		{5DF0D6BC-C8E4-43C4-9404-2ADB9ABA3049}.Release|Any CPU.ActiveCfg = Release|Any CPU
		{5DF0D6BC-C8E4-43C4-9404-2ADB9ABA3049}.Release|Any CPU.Build.0 = Release|Any CPU
		{82EB5C2C-2817-4D0A-B2EA-8BB14E31EFFD}.Debug|Any CPU.ActiveCfg = Debug|Any CPU
		{82EB5C2C-2817-4D0A-B2EA-8BB14E31EFFD}.Debug|Any CPU.Build.0 = Debug|Any CPU
		{82EB5C2C-2817-4D0A-B2EA-8BB14E31EFFD}.Release|Any CPU.ActiveCfg = Release|Any CPU
		{82EB5C2C-2817-4D0A-B2EA-8BB14E31EFFD}.Release|Any CPU.Build.0 = Release|Any CPU
		{4BFEDE3F-40B5-46AB-9DAB-46791166D6F1}.Debug|Any CPU.ActiveCfg = Debug|Any CPU
		{4BFEDE3F-40B5-46AB-9DAB-46791166D6F1}.Debug|Any CPU.Build.0 = Debug|Any CPU
		{4BFEDE3F-40B5-46AB-9DAB-46791166D6F1}.Release|Any CPU.ActiveCfg = Release|Any CPU
		{4BFEDE3F-40B5-46AB-9DAB-46791166D6F1}.Release|Any CPU.Build.0 = Release|Any CPU
	EndGlobalSection
	GlobalSection(SolutionProperties) = preSolution
		HideSolutionNode = FALSE
	EndGlobalSection
	GlobalSection(ExtensibilityGlobals) = postSolution
		SolutionGuid = {60CAE092-8A27-48C6-A663-C06ABD202C09}
	EndGlobalSection
EndGlobal
